# THIS IS AN AUTOGENERATED FILE. DO NOT EDIT THIS FILE DIRECTLY.
# yarn lockfile v1


"@types/lodash@^4.14.182":
  version "4.14.182"
  resolved "https://registry.yarnpkg.com/@types/lodash/-/lodash-4.14.182.tgz#05301a4d5e62963227eaafe0ce04dd77c54ea5c2"
  integrity sha512-/THyiqyQAP9AfARo4pF+aCGcyiQ94tX/Is2I7HofNRqoYLgN1PBoOWu2/zTA5zMxzP5EFutMtWtGAFRKUe961Q==

"@types/uuid4@^2.0.0":
  version "2.0.0"
  resolved "https://registry.yarnpkg.com/@types/uuid4/-/uuid4-2.0.0.tgz#40a5376b7cbfde4f905403ab0e10d32b81aff341"
  integrity sha512-lIeYnpveYni+lqo9X10IuFI11n/3l6RjxQvlVXVcijLp/w3jj+1CGX/dRIRJVtbO5ta6xYA9Xd3QqWGwUMvvng==

lodash@^4.17.21:
  version "4.17.21"
  resolved "https://registry.yarnpkg.com/lodash/-/lodash-4.17.21.tgz#679591c564c3bffaae8454cf0b3df370c3d6911c"
  integrity sha512-v2kDEe57lecTulaDIuNTPy3Ry4gLGJ6Z1O3vE1krgXZNrsQ+LFTGHVxVjcXPs17LhbZVGedAJv8XZ1tvj5FvSg==

typescript@^4.6.3:
  version "4.6.3"
  resolved "https://registry.yarnpkg.com/typescript/-/typescript-4.6.3.tgz#eefeafa6afdd31d725584c67a0eaba80f6fc6c6c"
  integrity sha512-yNIatDa5iaofVozS/uQJEl3JRWLKKGJKh6Yaiv0GLGSuhpFJe7P3SbHZ8/yjAHRQwKRoA6YZqlfjXWmVzoVSMw==

uuid4@^2.0.2:
  version "2.0.2"
  resolved "https://registry.yarnpkg.com/uuid4/-/uuid4-2.0.2.tgz#d33169f4a8fe84b217f50a0f28f971cd9ff56216"
  integrity sha512-TzsQS8sN1B2m9WojyNp0X/3JL8J2RScnrAJnooNPL6lq3lA02/XdoWysyUgI6rAif0DzkkWk51N6OggujPy2RA==
